
Microsoft Visual Studio Solution File, Format Version 12.00
# Visual Studio Version 17
VisualStudioVersion = 17.9.34723.18
MinimumVisualStudioVersion = 10.0.40219.1
Project("{8BC9CEB8-8B4A-11D0-8D11-00A0C91BC942}") = "fec", "fec.vcxproj", "{85AB2385-A293-4E7D-918A-8D1AB4AEB53D}"
EndProject
Global
	GlobalSection(SolutionConfigurationPlatforms) = preSolution
		Debug|x64 = Debug|x64
		Debug|x86 = Debug|x86
		Release|x64 = Release|x64
		Release|x86 = Release|x86
	EndGlobalSection
	GlobalSection(ProjectConfigurationPlatforms) = postSolution
		{85AB2385-A293-4E7D-918A-8D1AB4AEB53D}.Debug|x64.ActiveCfg = Debug|x64
		{85AB2385-A293-4E7D-918A-8D1AB4AEB53D}.Debug|x64.Build.0 = Debug|x64
		{85AB2385-A293-4E7D-918A-8D1AB4AEB53D}.Debug|x86.ActiveCfg = Debug|Win32
		{85AB2385-A293-4E7D-918A-8D1AB4AEB53D}.Debug|x86.Build.0 = Debug|Win32
		{85AB2385-A293-4E7D-918A-8D1AB4AEB53D}.Release|x64.ActiveCfg = Release|x64
		{85AB2385-A293-4E7D-918A-8D1AB4AEB53D}.Release|x64.Build.0 = Release|x64
		{85AB2385-A293-4E7D-918A-8D1AB4AEB53D}.Release|x86.ActiveCfg = Release|Win32
		{85AB2385-A293-4E7D-918A-8D1AB4AEB53D}.Release|x86.Build.0 = Release|Win32
	EndGlobalSection
	GlobalSection(SolutionProperties) = preSolution
		HideSolutionNode = FALSE
	EndGlobalSection
	GlobalSection(ExtensibilityGlobals) = postSolution
		SolutionGuid = {19B60221-ACEC-4A76-9285-CDF2B2A0DC16}
	EndGlobalSection
EndGlobal
